// !$*UTF8*$!
{
	archiveVersion = 1;
	classes = {
	};
	objectVersion = 46;
	objects = {

/* Begin PBXBuildFile section */
		8214E36D1F0854DE00964930 /* ObservationsTableViewCell.swift in Sources */ = {isa = PBXBuildFile; fileRef = 8214E36C1F0854DE00964930 /* ObservationsTableViewCell.swift */; };
		8216A7471F0DA1500099B129 /* bluetooth-symbol-silhouette_318-38721.png in Resources */ = {isa = PBXBuildFile; fileRef = 8216A7461F0DA1500099B129 /* bluetooth-symbol-silhouette_318-38721.png */; };
		821B549F1F02D61B00F87F66 /* Sandbox-50@2x.png in Resources */ = {isa = PBXBuildFile; fileRef = 821B549E1F02D61B00F87F66 /* Sandbox-50@2x.png */; };
		823C69601F1537D4004BEBDD /* Hand Planting-96.png in Resources */ = {isa = PBXBuildFile; fileRef = 823C695F1F1537D4004BEBDD /* Hand Planting-96.png */; };
		826BC33C1F17E7A0006A25ED /* SitesInfoViewController.swift in Sources */ = {isa = PBXBuildFile; fileRef = 826BC33B1F17E7A0006A25ED /* SitesInfoViewController.swift */; };
		826BC33F1F180896006A25ED /* SiteInfoTableViewCell.swift in Sources */ = {isa = PBXBuildFile; fileRef = 826BC33E1F180896006A25ED /* SiteInfoTableViewCell.swift */; };
		8283FDBE1F085DC600F1508A /* Screen Shot 2017-07-01 at 3.45.56 PM.png in Resources */ = {isa = PBXBuildFile; fileRef = 8283FDBD1F085DC600F1508A /* Screen Shot 2017-07-01 at 3.45.56 PM.png */; };
		8283FDC01F085F2C00F1508A /* Arrow.png in Resources */ = {isa = PBXBuildFile; fileRef = 8283FDBF1F085F2C00F1508A /* Arrow.png */; };
		8283FDC21F08629C00F1508A /* Camera.png in Resources */ = {isa = PBXBuildFile; fileRef = 8283FDC11F08629C00F1508A /* Camera.png */; };
		8283FDC41F086B0200F1508A /* MapTableViewCell.swift in Sources */ = {isa = PBXBuildFile; fileRef = 8283FDC31F086B0200F1508A /* MapTableViewCell.swift */; };
		F80107291ED57FA400236DA2 /* CoordinateTableViewCell.swift in Sources */ = {isa = PBXBuildFile; fileRef = F80107281ED57FA400236DA2 /* CoordinateTableViewCell.swift */; };
		F801072B1ED587FD00236DA2 /* SiteSelectTableViewController.swift in Sources */ = {isa = PBXBuildFile; fileRef = F801072A1ED587FD00236DA2 /* SiteSelectTableViewController.swift */; };
		F80F5A381F06A86500EFC679 /* Screen Shot 2017-06-30 at 8.39.38 AM.png in Resources */ = {isa = PBXBuildFile; fileRef = F80F5A371F06A86500EFC679 /* Screen Shot 2017-06-30 at 8.39.38 AM.png */; };
		F8323C1A1EAFB0B2003531A6 /* NRFManager.swift in Sources */ = {isa = PBXBuildFile; fileRef = F8323C191EAFB0B2003531A6 /* NRFManager.swift */; };
		F8323C1C1EAFFCF2003531A6 /* Soil.swift in Sources */ = {isa = PBXBuildFile; fileRef = F8323C1B1EAFFCF2003531A6 /* Soil.swift */; };
		F836C0B01E7721E700647893 /* AppDelegate.swift in Sources */ = {isa = PBXBuildFile; fileRef = F836C0AF1E7721E700647893 /* AppDelegate.swift */; };
		F836C0B71E7721E700647893 /* Main.storyboard in Resources */ = {isa = PBXBuildFile; fileRef = F836C0B51E7721E700647893 /* Main.storyboard */; };
		F836C0B91E7721E700647893 /* Assets.xcassets in Resources */ = {isa = PBXBuildFile; fileRef = F836C0B81E7721E700647893 /* Assets.xcassets */; };
		F836C0BC1E7721E700647893 /* LaunchScreen.storyboard in Resources */ = {isa = PBXBuildFile; fileRef = F836C0BA1E7721E700647893 /* LaunchScreen.storyboard */; };
		F836C0C71E7721E700647893 /* SoilMoistureTests.swift in Sources */ = {isa = PBXBuildFile; fileRef = F836C0C61E7721E700647893 /* SoilMoistureTests.swift */; };
		F836C0D21E7721E700647893 /* SoilMoistureUITests.swift in Sources */ = {isa = PBXBuildFile; fileRef = F836C0D11E7721E700647893 /* SoilMoistureUITests.swift */; };
		F836C0E01E77232800647893 /* logo_nasa_trio_black@2x.png in Resources */ = {isa = PBXBuildFile; fileRef = F836C0DF1E77232800647893 /* logo_nasa_trio_black@2x.png */; };
		F83DD04A1E774A11003C03E7 /* TextInputTableViewCell.swift in Sources */ = {isa = PBXBuildFile; fileRef = F83DD0491E774A11003C03E7 /* TextInputTableViewCell.swift */; };
		F83DD04D1E7768A3003C03E7 /* SoilRecordTableViewCell.swift in Sources */ = {isa = PBXBuildFile; fileRef = F83DD04C1E7768A3003C03E7 /* SoilRecordTableViewCell.swift */; };
		F83DD04F1E776DCC003C03E7 /* AddSoilRecordViewController.swift in Sources */ = {isa = PBXBuildFile; fileRef = F83DD04E1E776DCC003C03E7 /* AddSoilRecordViewController.swift */; };
		F83DD0521E7776EF003C03E7 /* Add Column-50.png in Resources */ = {isa = PBXBuildFile; fileRef = F83DD0501E7776EF003C03E7 /* Add Column-50.png */; };
		F83DD0531E7776EF003C03E7 /* Add Property-50@2x.png in Resources */ = {isa = PBXBuildFile; fileRef = F83DD0511E7776EF003C03E7 /* Add Property-50@2x.png */; };
		F83DD0551E777888003C03E7 /* Bulleted List-50@2x.png in Resources */ = {isa = PBXBuildFile; fileRef = F83DD0541E777888003C03E7 /* Bulleted List-50@2x.png */; };
		F83DD0571E777F7C003C03E7 /* AddRecordTableViewCell.swift in Sources */ = {isa = PBXBuildFile; fileRef = F83DD0561E777F7C003C03E7 /* AddRecordTableViewCell.swift */; };
		F898EEC61E94358100A0E66E /* NewRecordTableViewCell.swift in Sources */ = {isa = PBXBuildFile; fileRef = F898EEC51E94358100A0E66E /* NewRecordTableViewCell.swift */; };
		F8AA682B1ED4E1A900E77634 /* SoilTypeTableViewController.swift in Sources */ = {isa = PBXBuildFile; fileRef = F8AA682A1ED4E1A900E77634 /* SoilTypeTableViewController.swift */; };
		F8BC8D241EB8F01300064318 /* Site.swift in Sources */ = {isa = PBXBuildFile; fileRef = F8BC8D231EB8F01300064318 /* Site.swift */; };
		F8DE3AF01E9D377000C9749D /* WeatherGetter.swift in Sources */ = {isa = PBXBuildFile; fileRef = F8DE3AEF1E9D377000C9749D /* WeatherGetter.swift */; };
		F8DE3AF21E9D492100C9749D /* Weather.swift in Sources */ = {isa = PBXBuildFile; fileRef = F8DE3AF11E9D492100C9749D /* Weather.swift */; };
		F8F8B0B81F06B61B000086F1 /* SensorReadingsCell.swift in Sources */ = {isa = PBXBuildFile; fileRef = F8F8B0B71F06B61B000086F1 /* SensorReadingsCell.swift */; };
		F8F8B0C01F06C489000086F1 /* Resistor.png in Resources */ = {isa = PBXBuildFile; fileRef = F8F8B0BF1F06C489000086F1 /* Resistor.png */; };
		F8F8B0C21F06C771000086F1 /* Thermometer.png in Resources */ = {isa = PBXBuildFile; fileRef = F8F8B0C11F06C771000086F1 /* Thermometer.png */; };
		F8F8B0C41F06C9DC000086F1 /* Wave.png in Resources */ = {isa = PBXBuildFile; fileRef = F8F8B0C31F06C9DC000086F1 /* Wave.png */; };
		F8FB4E921E77263D00F13DD7 /* DataLogViewController.swift in Sources */ = {isa = PBXBuildFile; fileRef = F8FB4E911E77263D00F13DD7 /* DataLogViewController.swift */; };
		F8FB4E941E77265300F13DD7 /* SettingsViewController.swift in Sources */ = {isa = PBXBuildFile; fileRef = F8FB4E931E77265300F13DD7 /* SettingsViewController.swift */; };
		F8FB4E961E77266100F13DD7 /* VisualizationViewController.swift in Sources */ = {isa = PBXBuildFile; fileRef = F8FB4E951E77266100F13DD7 /* VisualizationViewController.swift */; };
		F8FB4E981E7727AD00F13DD7 /* Checklist-50@2x.png in Resources */ = {isa = PBXBuildFile; fileRef = F8FB4E971E7727AD00F13DD7 /* Checklist-50@2x.png */; };
		F8FB4E9A1E77284700F13DD7 /* Line Chart-50@2x.png in Resources */ = {isa = PBXBuildFile; fileRef = F8FB4E991E77284700F13DD7 /* Line Chart-50@2x.png */; };
		F8FB4E9C1E77288C00F13DD7 /* Settings-50@2x.png in Resources */ = {isa = PBXBuildFile; fileRef = F8FB4E9B1E77288C00F13DD7 /* Settings-50@2x.png */; };
		F8FB4E9E1E772BEB00F13DD7 /* UserMetadata.swift in Sources */ = {isa = PBXBuildFile; fileRef = F8FB4E9D1E772BEB00F13DD7 /* UserMetadata.swift */; };
		F8FB4EA01E773A5900F13DD7 /* SoilDataRecord.swift in Sources */ = {isa = PBXBuildFile; fileRef = F8FB4E9F1E773A5900F13DD7 /* SoilDataRecord.swift */; };
		F8FB4EA41E773E5F00F13DD7 /* InitialMetadaViewController.swift in Sources */ = {isa = PBXBuildFile; fileRef = F8FB4EA31E773E5F00F13DD7 /* InitialMetadaViewController.swift */; };
		F8FEA0711EC22F5000FBD739 /* Screenshot-50.png in Resources */ = {isa = PBXBuildFile; fileRef = F8FEA0701EC22F5000FBD739 /* Screenshot-50.png */; };
		F8FEA0731EC23E7800FBD739 /* NoteRecordTableViewCell.swift in Sources */ = {isa = PBXBuildFile; fileRef = F8FEA0721EC23E7800FBD739 /* NoteRecordTableViewCell.swift */; };
		F8FEA0751EC2418900FBD739 /* ImageRecordTableViewCell.swift in Sources */ = {isa = PBXBuildFile; fileRef = F8FEA0741EC2418900FBD739 /* ImageRecordTableViewCell.swift */; };
		F8FEA0771EC24FF000FBD739 /* SiteTableViewCell.swift in Sources */ = {isa = PBXBuildFile; fileRef = F8FEA0761EC24FEF00FBD739 /* SiteTableViewCell.swift */; };
		F8FEA0791EC2510900FBD739 /* SitesViewController.swift in Sources */ = {isa = PBXBuildFile; fileRef = F8FEA0781EC2510900FBD739 /* SitesViewController.swift */; };
		F8FEA07B1EC2529E00FBD739 /* AddSiteViewController.swift in Sources */ = {isa = PBXBuildFile; fileRef = F8FEA07A1EC2529E00FBD739 /* AddSiteViewController.swift */; };
/* End PBXBuildFile section */

/* Begin PBXContainerItemProxy section */
		F836C0C31E7721E700647893 /* PBXContainerItemProxy */ = {
			isa = PBXContainerItemProxy;
			containerPortal = F836C0A41E7721E700647893 /* Project object */;
			proxyType = 1;
			remoteGlobalIDString = F836C0AB1E7721E700647893;
			remoteInfo = SoilMoisture;
		};
		F836C0CE1E7721E700647893 /* PBXContainerItemProxy */ = {
			isa = PBXContainerItemProxy;
			containerPortal = F836C0A41E7721E700647893 /* Project object */;
			proxyType = 1;
			remoteGlobalIDString = F836C0AB1E7721E700647893;
			remoteInfo = SoilMoisture;
		};
/* End PBXContainerItemProxy section */

/* Begin PBXCopyFilesBuildPhase section */
		F801073D1ED5AC3600236DA2 /* Embed Frameworks */ = {
			isa = PBXCopyFilesBuildPhase;
			buildActionMask = 2147483647;
			dstPath = "";
			dstSubfolderSpec = 10;
			files = (
			);
			name = "Embed Frameworks";
			runOnlyForDeploymentPostprocessing = 0;
		};
/* End PBXCopyFilesBuildPhase section */

/* Begin PBXFileReference section */
		8214E36C1F0854DE00964930 /* ObservationsTableViewCell.swift */ = {isa = PBXFileReference; fileEncoding = 4; lastKnownFileType = sourcecode.swift; name = ObservationsTableViewCell.swift; path = ../ObservationsTableViewCell.swift; sourceTree = "<group>"; };
		8216A7461F0DA1500099B129 /* bluetooth-symbol-silhouette_318-38721.png */ = {isa = PBXFileReference; lastKnownFileType = image.png; path = "bluetooth-symbol-silhouette_318-38721.png"; sourceTree = "<group>"; };
		821B549E1F02D61B00F87F66 /* Sandbox-50@2x.png */ = {isa = PBXFileReference; lastKnownFileType = image.png; path = "Sandbox-50@2x.png"; sourceTree = "<group>"; };
		823C695F1F1537D4004BEBDD /* Hand Planting-96.png */ = {isa = PBXFileReference; lastKnownFileType = image.png; path = "Hand Planting-96.png"; sourceTree = "<group>"; };
		826BC33B1F17E7A0006A25ED /* SitesInfoViewController.swift */ = {isa = PBXFileReference; fileEncoding = 4; lastKnownFileType = sourcecode.swift; path = SitesInfoViewController.swift; sourceTree = "<group>"; };
		826BC33E1F180896006A25ED /* SiteInfoTableViewCell.swift */ = {isa = PBXFileReference; fileEncoding = 4; lastKnownFileType = sourcecode.swift; path = SiteInfoTableViewCell.swift; sourceTree = "<group>"; };
		8283FDBD1F085DC600F1508A /* Screen Shot 2017-07-01 at 3.45.56 PM.png */ = {isa = PBXFileReference; lastKnownFileType = image.png; path = "Screen Shot 2017-07-01 at 3.45.56 PM.png"; sourceTree = "<group>"; };
		8283FDBF1F085F2C00F1508A /* Arrow.png */ = {isa = PBXFileReference; lastKnownFileType = image.png; path = Arrow.png; sourceTree = "<group>"; };
		8283FDC11F08629C00F1508A /* Camera.png */ = {isa = PBXFileReference; lastKnownFileType = image.png; path = Camera.png; sourceTree = "<group>"; };
		8283FDC31F086B0200F1508A /* MapTableViewCell.swift */ = {isa = PBXFileReference; fileEncoding = 4; lastKnownFileType = sourcecode.swift; path = MapTableViewCell.swift; sourceTree = "<group>"; };
		F80107281ED57FA400236DA2 /* CoordinateTableViewCell.swift */ = {isa = PBXFileReference; fileEncoding = 4; lastKnownFileType = sourcecode.swift; path = CoordinateTableViewCell.swift; sourceTree = "<group>"; };
		F801072A1ED587FD00236DA2 /* SiteSelectTableViewController.swift */ = {isa = PBXFileReference; fileEncoding = 4; lastKnownFileType = sourcecode.swift; path = SiteSelectTableViewController.swift; sourceTree = "<group>"; };
		F80F5A371F06A86500EFC679 /* Screen Shot 2017-06-30 at 8.39.38 AM.png */ = {isa = PBXFileReference; lastKnownFileType = image.png; path = "Screen Shot 2017-06-30 at 8.39.38 AM.png"; sourceTree = "<group>"; };
		F8323C191EAFB0B2003531A6 /* NRFManager.swift */ = {isa = PBXFileReference; fileEncoding = 4; lastKnownFileType = sourcecode.swift; path = NRFManager.swift; sourceTree = "<group>"; };
		F8323C1B1EAFFCF2003531A6 /* Soil.swift */ = {isa = PBXFileReference; fileEncoding = 4; lastKnownFileType = sourcecode.swift; path = Soil.swift; sourceTree = "<group>"; };
		F836C0AC1E7721E700647893 /* SoilMoisture.app */ = {isa = PBXFileReference; explicitFileType = wrapper.application; includeInIndex = 0; path = SoilMoisture.app; sourceTree = BUILT_PRODUCTS_DIR; };
		F836C0AF1E7721E700647893 /* AppDelegate.swift */ = {isa = PBXFileReference; lastKnownFileType = sourcecode.swift; path = AppDelegate.swift; sourceTree = "<group>"; };
		F836C0B61E7721E700647893 /* Base */ = {isa = PBXFileReference; lastKnownFileType = file.storyboard; name = Base; path = Base.lproj/Main.storyboard; sourceTree = "<group>"; };
		F836C0B81E7721E700647893 /* Assets.xcassets */ = {isa = PBXFileReference; lastKnownFileType = folder.assetcatalog; path = Assets.xcassets; sourceTree = "<group>"; };
		F836C0BB1E7721E700647893 /* Base */ = {isa = PBXFileReference; lastKnownFileType = file.storyboard; name = Base; path = Base.lproj/LaunchScreen.storyboard; sourceTree = "<group>"; };
		F836C0BD1E7721E700647893 /* Info.plist */ = {isa = PBXFileReference; lastKnownFileType = text.plist.xml; path = Info.plist; sourceTree = "<group>"; };
		F836C0C21E7721E700647893 /* SoilMoistureTests.xctest */ = {isa = PBXFileReference; explicitFileType = wrapper.cfbundle; includeInIndex = 0; path = SoilMoistureTests.xctest; sourceTree = BUILT_PRODUCTS_DIR; };
		F836C0C61E7721E700647893 /* SoilMoistureTests.swift */ = {isa = PBXFileReference; lastKnownFileType = sourcecode.swift; path = SoilMoistureTests.swift; sourceTree = "<group>"; };
		F836C0C81E7721E700647893 /* Info.plist */ = {isa = PBXFileReference; lastKnownFileType = text.plist.xml; path = Info.plist; sourceTree = "<group>"; };
		F836C0CD1E7721E700647893 /* SoilMoistureUITests.xctest */ = {isa = PBXFileReference; explicitFileType = wrapper.cfbundle; includeInIndex = 0; path = SoilMoistureUITests.xctest; sourceTree = BUILT_PRODUCTS_DIR; };
		F836C0D11E7721E700647893 /* SoilMoistureUITests.swift */ = {isa = PBXFileReference; lastKnownFileType = sourcecode.swift; path = SoilMoistureUITests.swift; sourceTree = "<group>"; };
		F836C0D31E7721E700647893 /* Info.plist */ = {isa = PBXFileReference; lastKnownFileType = text.plist.xml; path = Info.plist; sourceTree = "<group>"; };
		F836C0DF1E77232800647893 /* logo_nasa_trio_black@2x.png */ = {isa = PBXFileReference; lastKnownFileType = image.png; path = "logo_nasa_trio_black@2x.png"; sourceTree = "<group>"; };
		F83DD0491E774A11003C03E7 /* TextInputTableViewCell.swift */ = {isa = PBXFileReference; fileEncoding = 4; lastKnownFileType = sourcecode.swift; path = TextInputTableViewCell.swift; sourceTree = "<group>"; };
		F83DD04C1E7768A3003C03E7 /* SoilRecordTableViewCell.swift */ = {isa = PBXFileReference; fileEncoding = 4; lastKnownFileType = sourcecode.swift; path = SoilRecordTableViewCell.swift; sourceTree = "<group>"; };
		F83DD04E1E776DCC003C03E7 /* AddSoilRecordViewController.swift */ = {isa = PBXFileReference; fileEncoding = 4; lastKnownFileType = sourcecode.swift; path = AddSoilRecordViewController.swift; sourceTree = "<group>"; };
		F83DD0501E7776EF003C03E7 /* Add Column-50.png */ = {isa = PBXFileReference; lastKnownFileType = image.png; path = "Add Column-50.png"; sourceTree = "<group>"; };
		F83DD0511E7776EF003C03E7 /* Add Property-50@2x.png */ = {isa = PBXFileReference; lastKnownFileType = image.png; path = "Add Property-50@2x.png"; sourceTree = "<group>"; };
		F83DD0541E777888003C03E7 /* Bulleted List-50@2x.png */ = {isa = PBXFileReference; lastKnownFileType = image.png; path = "Bulleted List-50@2x.png"; sourceTree = "<group>"; };
		F83DD0561E777F7C003C03E7 /* AddRecordTableViewCell.swift */ = {isa = PBXFileReference; fileEncoding = 4; lastKnownFileType = sourcecode.swift; path = AddRecordTableViewCell.swift; sourceTree = "<group>"; };
		F898EEBC1E8D7B9100A0E66E /* libsqlite3.tbd */ = {isa = PBXFileReference; lastKnownFileType = "sourcecode.text-based-dylib-definition"; name = libsqlite3.tbd; path = usr/lib/libsqlite3.tbd; sourceTree = SDKROOT; };
		F898EEC51E94358100A0E66E /* NewRecordTableViewCell.swift */ = {isa = PBXFileReference; fileEncoding = 4; lastKnownFileType = sourcecode.swift; path = NewRecordTableViewCell.swift; sourceTree = "<group>"; };
		F8AA682A1ED4E1A900E77634 /* SoilTypeTableViewController.swift */ = {isa = PBXFileReference; fileEncoding = 4; lastKnownFileType = sourcecode.swift; name = SoilTypeTableViewController.swift; path = ../SoilTypeTableViewController.swift; sourceTree = "<group>"; };
		F8BC8D231EB8F01300064318 /* Site.swift */ = {isa = PBXFileReference; fileEncoding = 4; lastKnownFileType = sourcecode.swift; path = Site.swift; sourceTree = "<group>"; };
		F8DE3AEF1E9D377000C9749D /* WeatherGetter.swift */ = {isa = PBXFileReference; fileEncoding = 4; lastKnownFileType = sourcecode.swift; name = WeatherGetter.swift; path = SoilMoisture/WeatherGetter.swift; sourceTree = "<group>"; };
		F8DE3AF11E9D492100C9749D /* Weather.swift */ = {isa = PBXFileReference; fileEncoding = 4; lastKnownFileType = sourcecode.swift; path = Weather.swift; sourceTree = "<group>"; };
		F8F8B0B71F06B61B000086F1 /* SensorReadingsCell.swift */ = {isa = PBXFileReference; fileEncoding = 4; lastKnownFileType = sourcecode.swift; path = SensorReadingsCell.swift; sourceTree = "<group>"; };
		F8F8B0BF1F06C489000086F1 /* Resistor.png */ = {isa = PBXFileReference; lastKnownFileType = image.png; path = Resistor.png; sourceTree = "<group>"; };
		F8F8B0C11F06C771000086F1 /* Thermometer.png */ = {isa = PBXFileReference; lastKnownFileType = image.png; path = Thermometer.png; sourceTree = "<group>"; };
		F8F8B0C31F06C9DC000086F1 /* Wave.png */ = {isa = PBXFileReference; lastKnownFileType = image.png; path = Wave.png; sourceTree = "<group>"; };
		F8FB4E911E77263D00F13DD7 /* DataLogViewController.swift */ = {isa = PBXFileReference; fileEncoding = 4; lastKnownFileType = sourcecode.swift; path = DataLogViewController.swift; sourceTree = "<group>"; };
		F8FB4E931E77265300F13DD7 /* SettingsViewController.swift */ = {isa = PBXFileReference; fileEncoding = 4; lastKnownFileType = sourcecode.swift; path = SettingsViewController.swift; sourceTree = "<group>"; };
		F8FB4E951E77266100F13DD7 /* VisualizationViewController.swift */ = {isa = PBXFileReference; fileEncoding = 4; lastKnownFileType = sourcecode.swift; path = VisualizationViewController.swift; sourceTree = "<group>"; };
		F8FB4E971E7727AD00F13DD7 /* Checklist-50@2x.png */ = {isa = PBXFileReference; lastKnownFileType = image.png; path = "Checklist-50@2x.png"; sourceTree = "<group>"; };
		F8FB4E991E77284700F13DD7 /* Line Chart-50@2x.png */ = {isa = PBXFileReference; lastKnownFileType = image.png; path = "Line Chart-50@2x.png"; sourceTree = "<group>"; };
		F8FB4E9B1E77288C00F13DD7 /* Settings-50@2x.png */ = {isa = PBXFileReference; lastKnownFileType = image.png; path = "Settings-50@2x.png"; sourceTree = "<group>"; };
		F8FB4E9D1E772BEB00F13DD7 /* UserMetadata.swift */ = {isa = PBXFileReference; fileEncoding = 4; lastKnownFileType = sourcecode.swift; name = UserMetadata.swift; path = SoilMoisture/UserMetadata.swift; sourceTree = "<group>"; };
		F8FB4E9F1E773A5900F13DD7 /* SoilDataRecord.swift */ = {isa = PBXFileReference; fileEncoding = 4; lastKnownFileType = sourcecode.swift; name = SoilDataRecord.swift; path = SoilMoisture/SoilDataRecord.swift; sourceTree = "<group>"; };
		F8FB4EA31E773E5F00F13DD7 /* InitialMetadaViewController.swift */ = {isa = PBXFileReference; fileEncoding = 4; lastKnownFileType = sourcecode.swift; path = InitialMetadaViewController.swift; sourceTree = "<group>"; };
		F8FEA0701EC22F5000FBD739 /* Screenshot-50.png */ = {isa = PBXFileReference; lastKnownFileType = image.png; path = "Screenshot-50.png"; sourceTree = "<group>"; };
		F8FEA0721EC23E7800FBD739 /* NoteRecordTableViewCell.swift */ = {isa = PBXFileReference; fileEncoding = 4; lastKnownFileType = sourcecode.swift; path = NoteRecordTableViewCell.swift; sourceTree = "<group>"; };
		F8FEA0741EC2418900FBD739 /* ImageRecordTableViewCell.swift */ = {isa = PBXFileReference; fileEncoding = 4; lastKnownFileType = sourcecode.swift; name = ImageRecordTableViewCell.swift; path = ../ImageRecordTableViewCell.swift; sourceTree = "<group>"; };
		F8FEA0761EC24FEF00FBD739 /* SiteTableViewCell.swift */ = {isa = PBXFileReference; fileEncoding = 4; lastKnownFileType = sourcecode.swift; name = SiteTableViewCell.swift; path = ../SiteTableViewCell.swift; sourceTree = "<group>"; };
		F8FEA0781EC2510900FBD739 /* SitesViewController.swift */ = {isa = PBXFileReference; fileEncoding = 4; lastKnownFileType = sourcecode.swift; path = SitesViewController.swift; sourceTree = "<group>"; };
		F8FEA07A1EC2529E00FBD739 /* AddSiteViewController.swift */ = {isa = PBXFileReference; fileEncoding = 4; lastKnownFileType = sourcecode.swift; path = AddSiteViewController.swift; sourceTree = "<group>"; };
/* End PBXFileReference section */

/* Begin PBXFrameworksBuildPhase section */
		F836C0A91E7721E700647893 /* Frameworks */ = {
			isa = PBXFrameworksBuildPhase;
			buildActionMask = 2147483647;
			files = (
			);
			runOnlyForDeploymentPostprocessing = 0;
		};
		F836C0BF1E7721E700647893 /* Frameworks */ = {
			isa = PBXFrameworksBuildPhase;
			buildActionMask = 2147483647;
			files = (
			);
			runOnlyForDeploymentPostprocessing = 0;
		};
		F836C0CA1E7721E700647893 /* Frameworks */ = {
			isa = PBXFrameworksBuildPhase;
			buildActionMask = 2147483647;
			files = (
			);
			runOnlyForDeploymentPostprocessing = 0;
		};
/* End PBXFrameworksBuildPhase section */

/* Begin PBXGroup section */
		826BC33D1F17E7B7006A25ED /* Other */ = {
			isa = PBXGroup;
			children = (
				F8FEA0781EC2510900FBD739 /* SitesViewController.swift */,
				F8FEA07A1EC2529E00FBD739 /* AddSiteViewController.swift */,
				F8AA682A1ED4E1A900E77634 /* SoilTypeTableViewController.swift */,
				F8FB4E911E77263D00F13DD7 /* DataLogViewController.swift */,
				F8FB4E951E77266100F13DD7 /* VisualizationViewController.swift */,
			);
			name = Other;
			sourceTree = "<group>";
		};
		F836C0A31E7721E700647893 = {
			isa = PBXGroup;
			children = (
				F8DE3AF11E9D492100C9749D /* Weather.swift */,
				F8323C191EAFB0B2003531A6 /* NRFManager.swift */,
				F8323C1B1EAFFCF2003531A6 /* Soil.swift */,
				F8BC8D231EB8F01300064318 /* Site.swift */,
				F8FB4E9D1E772BEB00F13DD7 /* UserMetadata.swift */,
				F8DE3AEF1E9D377000C9749D /* WeatherGetter.swift */,
				F8FB4E9F1E773A5900F13DD7 /* SoilDataRecord.swift */,
				F836C0AE1E7721E700647893 /* SoilMoisture */,
				F836C0C51E7721E700647893 /* SoilMoistureTests */,
				F836C0D01E7721E700647893 /* SoilMoistureUITests */,
				F836C0AD1E7721E700647893 /* Products */,
				F898EEBB1E8D7B9000A0E66E /* Frameworks */,
			);
			sourceTree = "<group>";
		};
		F836C0AD1E7721E700647893 /* Products */ = {
			isa = PBXGroup;
			children = (
				F836C0AC1E7721E700647893 /* SoilMoisture.app */,
				F836C0C21E7721E700647893 /* SoilMoistureTests.xctest */,
				F836C0CD1E7721E700647893 /* SoilMoistureUITests.xctest */,
			);
			name = Products;
			sourceTree = "<group>";
		};
		F836C0AE1E7721E700647893 /* SoilMoisture */ = {
			isa = PBXGroup;
			children = (
				F836C0AF1E7721E700647893 /* AppDelegate.swift */,
				F83DD04E1E776DCC003C03E7 /* AddSoilRecordViewController.swift */,
				826BC33B1F17E7A0006A25ED /* SitesInfoViewController.swift */,
				826BC33E1F180896006A25ED /* SiteInfoTableViewCell.swift */,
				F8FB4E931E77265300F13DD7 /* SettingsViewController.swift */,
				826BC33D1F17E7B7006A25ED /* Other */,
				F836C0B51E7721E700647893 /* Main.storyboard */,
				F801072A1ED587FD00236DA2 /* SiteSelectTableViewController.swift */,
				F8FB4EA31E773E5F00F13DD7 /* InitialMetadaViewController.swift */,
				F83DD04B1E774A18003C03E7 /* TableViewCells */,
				F836C0B81E7721E700647893 /* Assets.xcassets */,
				F836C0BA1E7721E700647893 /* LaunchScreen.storyboard */,
				F836C0E11E77232C00647893 /* Image Assets */,
				F836C0BD1E7721E700647893 /* Info.plist */,
			);
			path = SoilMoisture;
			sourceTree = "<group>";
		};
		F836C0C51E7721E700647893 /* SoilMoistureTests */ = {
			isa = PBXGroup;
			children = (
				F836C0C61E7721E700647893 /* SoilMoistureTests.swift */,
				F836C0C81E7721E700647893 /* Info.plist */,
			);
			path = SoilMoistureTests;
			sourceTree = "<group>";
		};
		F836C0D01E7721E700647893 /* SoilMoistureUITests */ = {
			isa = PBXGroup;
			children = (
				F836C0D11E7721E700647893 /* SoilMoistureUITests.swift */,
				F836C0D31E7721E700647893 /* Info.plist */,
			);
			path = SoilMoistureUITests;
			sourceTree = "<group>";
		};
		F836C0E11E77232C00647893 /* Image Assets */ = {
			isa = PBXGroup;
			children = (
				823C695F1F1537D4004BEBDD /* Hand Planting-96.png */,
				8216A7461F0DA1500099B129 /* bluetooth-symbol-silhouette_318-38721.png */,
				8283FDC11F08629C00F1508A /* Camera.png */,
				8283FDBF1F085F2C00F1508A /* Arrow.png */,
				8283FDBD1F085DC600F1508A /* Screen Shot 2017-07-01 at 3.45.56 PM.png */,
				F8F8B0C31F06C9DC000086F1 /* Wave.png */,
				F8F8B0C11F06C771000086F1 /* Thermometer.png */,
				F8F8B0BF1F06C489000086F1 /* Resistor.png */,
				F80F5A371F06A86500EFC679 /* Screen Shot 2017-06-30 at 8.39.38 AM.png */,
				F8FEA0701EC22F5000FBD739 /* Screenshot-50.png */,
				F8FB4E971E7727AD00F13DD7 /* Checklist-50@2x.png */,
				F836C0DF1E77232800647893 /* logo_nasa_trio_black@2x.png */,
				F83DD0501E7776EF003C03E7 /* Add Column-50.png */,
				F83DD0541E777888003C03E7 /* Bulleted List-50@2x.png */,
				F83DD0511E7776EF003C03E7 /* Add Property-50@2x.png */,
				821B549E1F02D61B00F87F66 /* Sandbox-50@2x.png */,
				F8FB4E9B1E77288C00F13DD7 /* Settings-50@2x.png */,
				F8FB4E991E77284700F13DD7 /* Line Chart-50@2x.png */,
			);
			name = "Image Assets";
			sourceTree = "<group>";
		};
		F83DD04B1E774A18003C03E7 /* TableViewCells */ = {
			isa = PBXGroup;
			children = (
				8214E36C1F0854DE00964930 /* ObservationsTableViewCell.swift */,
				8283FDC31F086B0200F1508A /* MapTableViewCell.swift */,
				F8F8B0B71F06B61B000086F1 /* SensorReadingsCell.swift */,
				F80107281ED57FA400236DA2 /* CoordinateTableViewCell.swift */,
				F8FEA0761EC24FEF00FBD739 /* SiteTableViewCell.swift */,
				F8FEA0721EC23E7800FBD739 /* NoteRecordTableViewCell.swift */,
				F8FEA0741EC2418900FBD739 /* ImageRecordTableViewCell.swift */,
				F83DD0491E774A11003C03E7 /* TextInputTableViewCell.swift */,
				F83DD04C1E7768A3003C03E7 /* SoilRecordTableViewCell.swift */,
				F83DD0561E777F7C003C03E7 /* AddRecordTableViewCell.swift */,
				F898EEC51E94358100A0E66E /* NewRecordTableViewCell.swift */,
			);
			name = TableViewCells;
			sourceTree = "<group>";
		};
		F898EEBB1E8D7B9000A0E66E /* Frameworks */ = {
			isa = PBXGroup;
			children = (
				F898EEBC1E8D7B9100A0E66E /* libsqlite3.tbd */,
			);
			name = Frameworks;
			sourceTree = "<group>";
		};
/* End PBXGroup section */

/* Begin PBXNativeTarget section */
		F836C0AB1E7721E700647893 /* SoilMoisture */ = {
			isa = PBXNativeTarget;
			buildConfigurationList = F836C0D61E7721E700647893 /* Build configuration list for PBXNativeTarget "SoilMoisture" */;
			buildPhases = (
				F836C0A81E7721E700647893 /* Sources */,
				F836C0A91E7721E700647893 /* Frameworks */,
				F836C0AA1E7721E700647893 /* Resources */,
				F801073D1ED5AC3600236DA2 /* Embed Frameworks */,
			);
			buildRules = (
			);
			dependencies = (
			);
			name = SoilMoisture;
			productName = SoilMoisture;
			productReference = F836C0AC1E7721E700647893 /* SoilMoisture.app */;
			productType = "com.apple.product-type.application";
		};
		F836C0C11E7721E700647893 /* SoilMoistureTests */ = {
			isa = PBXNativeTarget;
			buildConfigurationList = F836C0D91E7721E700647893 /* Build configuration list for PBXNativeTarget "SoilMoistureTests" */;
			buildPhases = (
				F836C0BE1E7721E700647893 /* Sources */,
				F836C0BF1E7721E700647893 /* Frameworks */,
				F836C0C01E7721E700647893 /* Resources */,
			);
			buildRules = (
			);
			dependencies = (
				F836C0C41E7721E700647893 /* PBXTargetDependency */,
			);
			name = SoilMoistureTests;
			productName = SoilMoistureTests;
			productReference = F836C0C21E7721E700647893 /* SoilMoistureTests.xctest */;
			productType = "com.apple.product-type.bundle.unit-test";
		};
		F836C0CC1E7721E700647893 /* SoilMoistureUITests */ = {
			isa = PBXNativeTarget;
			buildConfigurationList = F836C0DC1E7721E700647893 /* Build configuration list for PBXNativeTarget "SoilMoistureUITests" */;
			buildPhases = (
				F836C0C91E7721E700647893 /* Sources */,
				F836C0CA1E7721E700647893 /* Frameworks */,
				F836C0CB1E7721E700647893 /* Resources */,
			);
			buildRules = (
			);
			dependencies = (
				F836C0CF1E7721E700647893 /* PBXTargetDependency */,
			);
			name = SoilMoistureUITests;
			productName = SoilMoistureUITests;
			productReference = F836C0CD1E7721E700647893 /* SoilMoistureUITests.xctest */;
			productType = "com.apple.product-type.bundle.ui-testing";
		};
/* End PBXNativeTarget section */

/* Begin PBXProject section */
		F836C0A41E7721E700647893 /* Project object */ = {
			isa = PBXProject;
			attributes = {
				LastSwiftUpdateCheck = 0820;
				LastUpgradeCheck = 0820;
				ORGANIZATIONNAME = "Planlet Systems";
				TargetAttributes = {
					F836C0AB1E7721E700647893 = {
						CreatedOnToolsVersion = 8.2.1;
						DevelopmentTeam = S7EHLVWT8G;
						ProvisioningStyle = Automatic;
					};
					F836C0C11E7721E700647893 = {
						CreatedOnToolsVersion = 8.2.1;
						DevelopmentTeam = S7EHLVWT8G;
						ProvisioningStyle = Automatic;
						TestTargetID = F836C0AB1E7721E700647893;
					};
					F836C0CC1E7721E700647893 = {
						CreatedOnToolsVersion = 8.2.1;
						DevelopmentTeam = S7EHLVWT8G;
						ProvisioningStyle = Automatic;
						TestTargetID = F836C0AB1E7721E700647893;
					};
				};
			};
			buildConfigurationList = F836C0A71E7721E700647893 /* Build configuration list for PBXProject "SoilMoisture" */;
			compatibilityVersion = "Xcode 3.2";
			developmentRegion = English;
			hasScannedForEncodings = 0;
			knownRegions = (
				en,
				Base,
			);
			mainGroup = F836C0A31E7721E700647893;
			productRefGroup = F836C0AD1E7721E700647893 /* Products */;
			projectDirPath = "";
			projectRoot = "";
			targets = (
				F836C0AB1E7721E700647893 /* SoilMoisture */,
				F836C0C11E7721E700647893 /* SoilMoistureTests */,
				F836C0CC1E7721E700647893 /* SoilMoistureUITests */,
			);
		};
/* End PBXProject section */

/* Begin PBXResourcesBuildPhase section */
		F836C0AA1E7721E700647893 /* Resources */ = {
			isa = PBXResourcesBuildPhase;
			buildActionMask = 2147483647;
			files = (
				F8FB4E9C1E77288C00F13DD7 /* Settings-50@2x.png in Resources */,
				F8FB4E9A1E77284700F13DD7 /* Line Chart-50@2x.png in Resources */,
				F8FB4E981E7727AD00F13DD7 /* Checklist-50@2x.png in Resources */,
				F836C0E01E77232800647893 /* logo_nasa_trio_black@2x.png in Resources */,
				F836C0BC1E7721E700647893 /* LaunchScreen.storyboard in Resources */,
				F83DD0521E7776EF003C03E7 /* Add Column-50.png in Resources */,
				F83DD0551E777888003C03E7 /* Bulleted List-50@2x.png in Resources */,
				F836C0B91E7721E700647893 /* Assets.xcassets in Resources */,
				8283FDBE1F085DC600F1508A /* Screen Shot 2017-07-01 at 3.45.56 PM.png in Resources */,
				F8F8B0C01F06C489000086F1 /* Resistor.png in Resources */,
				F80F5A381F06A86500EFC679 /* Screen Shot 2017-06-30 at 8.39.38 AM.png in Resources */,
				8283FDC01F085F2C00F1508A /* Arrow.png in Resources */,
				F8F8B0C21F06C771000086F1 /* Thermometer.png in Resources */,
				F836C0B71E7721E700647893 /* Main.storyboard in Resources */,
				F8FEA0711EC22F5000FBD739 /* Screenshot-50.png in Resources */,
				8283FDC21F08629C00F1508A /* Camera.png in Resources */,
				F83DD0531E7776EF003C03E7 /* Add Property-50@2x.png in Resources */,
				8216A7471F0DA1500099B129 /* bluetooth-symbol-silhouette_318-38721.png in Resources */,
				823C69601F1537D4004BEBDD /* Hand Planting-96.png in Resources */,
				F8F8B0C41F06C9DC000086F1 /* Wave.png in Resources */,
				821B549F1F02D61B00F87F66 /* Sandbox-50@2x.png in Resources */,
			);
			runOnlyForDeploymentPostprocessing = 0;
		};
		F836C0C01E7721E700647893 /* Resources */ = {
			isa = PBXResourcesBuildPhase;
			buildActionMask = 2147483647;
			files = (
			);
			runOnlyForDeploymentPostprocessing = 0;
		};
		F836C0CB1E7721E700647893 /* Resources */ = {
			isa = PBXResourcesBuildPhase;
			buildActionMask = 2147483647;
			files = (
			);
			runOnlyForDeploymentPostprocessing = 0;
		};
/* End PBXResourcesBuildPhase section */

/* Begin PBXSourcesBuildPhase section */
		F836C0A81E7721E700647893 /* Sources */ = {
			isa = PBXSourcesBuildPhase;
			buildActionMask = 2147483647;
			files = (
				F8FB4E921E77263D00F13DD7 /* DataLogViewController.swift in Sources */,
				F8DE3AF21E9D492100C9749D /* Weather.swift in Sources */,
				826BC33C1F17E7A0006A25ED /* SitesInfoViewController.swift in Sources */,
				F8F8B0B81F06B61B000086F1 /* SensorReadingsCell.swift in Sources */,
				F8FEA0731EC23E7800FBD739 /* NoteRecordTableViewCell.swift in Sources */,
				F80107291ED57FA400236DA2 /* CoordinateTableViewCell.swift in Sources */,
				F8323C1A1EAFB0B2003531A6 /* NRFManager.swift in Sources */,
				F8FEA0751EC2418900FBD739 /* ImageRecordTableViewCell.swift in Sources */,
				F83DD0571E777F7C003C03E7 /* AddRecordTableViewCell.swift in Sources */,
				F8323C1C1EAFFCF2003531A6 /* Soil.swift in Sources */,
				F8BC8D241EB8F01300064318 /* Site.swift in Sources */,
				8283FDC41F086B0200F1508A /* MapTableViewCell.swift in Sources */,
				F8FB4EA01E773A5900F13DD7 /* SoilDataRecord.swift in Sources */,
				F8FB4EA41E773E5F00F13DD7 /* InitialMetadaViewController.swift in Sources */,
				F8FB4E9E1E772BEB00F13DD7 /* UserMetadata.swift in Sources */,
				F801072B1ED587FD00236DA2 /* SiteSelectTableViewController.swift in Sources */,
				826BC33F1F180896006A25ED /* SiteInfoTableViewCell.swift in Sources */,
				F836C0B01E7721E700647893 /* AppDelegate.swift in Sources */,
				F8FEA07B1EC2529E00FBD739 /* AddSiteViewController.swift in Sources */,
				F8DE3AF01E9D377000C9749D /* WeatherGetter.swift in Sources */,
				F8FB4E961E77266100F13DD7 /* VisualizationViewController.swift in Sources */,
				F83DD04D1E7768A3003C03E7 /* SoilRecordTableViewCell.swift in Sources */,
				F83DD04A1E774A11003C03E7 /* TextInputTableViewCell.swift in Sources */,
				F8AA682B1ED4E1A900E77634 /* SoilTypeTableViewController.swift in Sources */,
				8214E36D1F0854DE00964930 /* ObservationsTableViewCell.swift in Sources */,
				F8FEA0791EC2510900FBD739 /* SitesViewController.swift in Sources */,
				F898EEC61E94358100A0E66E /* NewRecordTableViewCell.swift in Sources */,
				F83DD04F1E776DCC003C03E7 /* AddSoilRecordViewController.swift in Sources */,
				F8FB4E941E77265300F13DD7 /* SettingsViewController.swift in Sources */,
				F8FEA0771EC24FF000FBD739 /* SiteTableViewCell.swift in Sources */,
			);
			runOnlyForDeploymentPostprocessing = 0;
		};
		F836C0BE1E7721E700647893 /* Sources */ = {
			isa = PBXSourcesBuildPhase;
			buildActionMask = 2147483647;
			files = (
				F836C0C71E7721E700647893 /* SoilMoistureTests.swift in Sources */,
			);
			runOnlyForDeploymentPostprocessing = 0;
		};
		F836C0C91E7721E700647893 /* Sources */ = {
			isa = PBXSourcesBuildPhase;
			buildActionMask = 2147483647;
			files = (
				F836C0D21E7721E700647893 /* SoilMoistureUITests.swift in Sources */,
			);
			runOnlyForDeploymentPostprocessing = 0;
		};
/* End PBXSourcesBuildPhase section */

/* Begin PBXTargetDependency section */
		F836C0C41E7721E700647893 /* PBXTargetDependency */ = {
			isa = PBXTargetDependency;
			target = F836C0AB1E7721E700647893 /* SoilMoisture */;
			targetProxy = F836C0C31E7721E700647893 /* PBXContainerItemProxy */;
		};
		F836C0CF1E7721E700647893 /* PBXTargetDependency */ = {
			isa = PBXTargetDependency;
			target = F836C0AB1E7721E700647893 /* SoilMoisture */;
			targetProxy = F836C0CE1E7721E700647893 /* PBXContainerItemProxy */;
		};
/* End PBXTargetDependency section */

/* Begin PBXVariantGroup section */
		F836C0B51E7721E700647893 /* Main.storyboard */ = {
			isa = PBXVariantGroup;
			children = (
				F836C0B61E7721E700647893 /* Base */,
			);
			name = Main.storyboard;
			sourceTree = "<group>";
		};
		F836C0BA1E7721E700647893 /* LaunchScreen.storyboard */ = {
			isa = PBXVariantGroup;
			children = (
				F836C0BB1E7721E700647893 /* Base */,
			);
			name = LaunchScreen.storyboard;
			sourceTree = "<group>";
		};
/* End PBXVariantGroup section */

/* Begin XCBuildConfiguration section */
		F836C0D41E7721E700647893 /* Debug */ = {
			isa = XCBuildConfiguration;
			buildSettings = {
				ALWAYS_SEARCH_USER_PATHS = NO;
				CLANG_ANALYZER_NONNULL = YES;
				CLANG_CXX_LANGUAGE_STANDARD = "gnu++0x";
				CLANG_CXX_LIBRARY = "libc++";
				CLANG_ENABLE_MODULES = YES;
				CLANG_ENABLE_OBJC_ARC = YES;
				CLANG_WARN_BOOL_CONVERSION = YES;
				CLANG_WARN_CONSTANT_CONVERSION = YES;
				CLANG_WARN_DIRECT_OBJC_ISA_USAGE = YES_ERROR;
				CLANG_WARN_DOCUMENTATION_COMMENTS = YES;
				CLANG_WARN_EMPTY_BODY = YES;
				CLANG_WARN_ENUM_CONVERSION = YES;
				CLANG_WARN_INFINITE_RECURSION = YES;
				CLANG_WARN_INT_CONVERSION = YES;
				CLANG_WARN_OBJC_ROOT_CLASS = YES_ERROR;
				CLANG_WARN_SUSPICIOUS_MOVE = YES;
				CLANG_WARN_UNREACHABLE_CODE = YES;
				CLANG_WARN__DUPLICATE_METHOD_MATCH = YES;
				"CODE_SIGN_IDENTITY[sdk=iphoneos*]" = "iPhone Developer";
				COPY_PHASE_STRIP = NO;
				DEBUG_INFORMATION_FORMAT = dwarf;
				ENABLE_STRICT_OBJC_MSGSEND = YES;
				ENABLE_TESTABILITY = YES;
				GCC_C_LANGUAGE_STANDARD = gnu99;
				GCC_DYNAMIC_NO_PIC = NO;
				GCC_NO_COMMON_BLOCKS = YES;
				GCC_OPTIMIZATION_LEVEL = 0;
				GCC_PREPROCESSOR_DEFINITIONS = (
					"DEBUG=1",
					"$(inherited)",
				);
				GCC_WARN_64_TO_32_BIT_CONVERSION = YES;
				GCC_WARN_ABOUT_RETURN_TYPE = YES_ERROR;
				GCC_WARN_UNDECLARED_SELECTOR = YES;
				GCC_WARN_UNINITIALIZED_AUTOS = YES_AGGRESSIVE;
				GCC_WARN_UNUSED_FUNCTION = YES;
				GCC_WARN_UNUSED_VARIABLE = YES;
				IPHONEOS_DEPLOYMENT_TARGET = 10.2;
				MTL_ENABLE_DEBUG_INFO = YES;
				ONLY_ACTIVE_ARCH = YES;
				SDKROOT = iphoneos;
				SWIFT_ACTIVE_COMPILATION_CONDITIONS = DEBUG;
				SWIFT_OPTIMIZATION_LEVEL = "-Onone";
				TARGETED_DEVICE_FAMILY = "1,2";
			};
			name = Debug;
		};
		F836C0D51E7721E700647893 /* Release */ = {
			isa = XCBuildConfiguration;
			buildSettings = {
				ALWAYS_SEARCH_USER_PATHS = NO;
				CLANG_ANALYZER_NONNULL = YES;
				CLANG_CXX_LANGUAGE_STANDARD = "gnu++0x";
				CLANG_CXX_LIBRARY = "libc++";
				CLANG_ENABLE_MODULES = YES;
				CLANG_ENABLE_OBJC_ARC = YES;
				CLANG_WARN_BOOL_CONVERSION = YES;
				CLANG_WARN_CONSTANT_CONVERSION = YES;
				CLANG_WARN_DIRECT_OBJC_ISA_USAGE = YES_ERROR;
				CLANG_WARN_DOCUMENTATION_COMMENTS = YES;
				CLANG_WARN_EMPTY_BODY = YES;
				CLANG_WARN_ENUM_CONVERSION = YES;
				CLANG_WARN_INFINITE_RECURSION = YES;
				CLANG_WARN_INT_CONVERSION = YES;
				CLANG_WARN_OBJC_ROOT_CLASS = YES_ERROR;
				CLANG_WARN_SUSPICIOUS_MOVE = YES;
				CLANG_WARN_UNREACHABLE_CODE = YES;
				CLANG_WARN__DUPLICATE_METHOD_MATCH = YES;
				"CODE_SIGN_IDENTITY[sdk=iphoneos*]" = "iPhone Developer";
				COPY_PHASE_STRIP = NO;
				DEBUG_INFORMATION_FORMAT = "dwarf-with-dsym";
				ENABLE_NS_ASSERTIONS = NO;
				ENABLE_STRICT_OBJC_MSGSEND = YES;
				GCC_C_LANGUAGE_STANDARD = gnu99;
				GCC_NO_COMMON_BLOCKS = YES;
				GCC_WARN_64_TO_32_BIT_CONVERSION = YES;
				GCC_WARN_ABOUT_RETURN_TYPE = YES_ERROR;
				GCC_WARN_UNDECLARED_SELECTOR = YES;
				GCC_WARN_UNINITIALIZED_AUTOS = YES_AGGRESSIVE;
				GCC_WARN_UNUSED_FUNCTION = YES;
				GCC_WARN_UNUSED_VARIABLE = YES;
				IPHONEOS_DEPLOYMENT_TARGET = 10.2;
				MTL_ENABLE_DEBUG_INFO = NO;
				SDKROOT = iphoneos;
				SWIFT_OPTIMIZATION_LEVEL = "-Owholemodule";
				TARGETED_DEVICE_FAMILY = "1,2";
				VALIDATE_PRODUCT = YES;
			};
			name = Release;
		};
		F836C0D71E7721E700647893 /* Debug */ = {
			isa = XCBuildConfiguration;
			buildSettings = {
				ALWAYS_EMBED_SWIFT_STANDARD_LIBRARIES = YES;
				ASSETCATALOG_COMPILER_APPICON_NAME = AppIcon;
				DEVELOPMENT_TEAM = S7EHLVWT8G;
				INFOPLIST_FILE = SoilMoisture/Info.plist;
				LD_RUNPATH_SEARCH_PATHS = "$(inherited) @executable_path/Frameworks";
				PRODUCT_BUNDLE_IDENTIFIER = com.planletsystems.SoilMoisture;
				PRODUCT_NAME = "$(TARGET_NAME)";
				SWIFT_VERSION = 3.0;
			};
			name = Debug;
		};
		F836C0D81E7721E700647893 /* Release */ = {
			isa = XCBuildConfiguration;
			buildSettings = {
				ALWAYS_EMBED_SWIFT_STANDARD_LIBRARIES = YES;
				ASSETCATALOG_COMPILER_APPICON_NAME = AppIcon;
				DEVELOPMENT_TEAM = S7EHLVWT8G;
				INFOPLIST_FILE = SoilMoisture/Info.plist;
				LD_RUNPATH_SEARCH_PATHS = "$(inherited) @executable_path/Frameworks";
				PRODUCT_BUNDLE_IDENTIFIER = com.planletsystems.SoilMoisture;
				PRODUCT_NAME = "$(TARGET_NAME)";
				SWIFT_VERSION = 3.0;
			};
			name = Release;
		};
		F836C0DA1E7721E700647893 /* Debug */ = {
			isa = XCBuildConfiguration;
			buildSettings = {
				ALWAYS_EMBED_SWIFT_STANDARD_LIBRARIES = YES;
				BUNDLE_LOADER = "$(TEST_HOST)";
				DEVELOPMENT_TEAM = S7EHLVWT8G;
				INFOPLIST_FILE = SoilMoistureTests/Info.plist;
				LD_RUNPATH_SEARCH_PATHS = "$(inherited) @executable_path/Frameworks @loader_path/Frameworks";
				PRODUCT_BUNDLE_IDENTIFIER = com.planletsystems.SoilMoistureTests;
				PRODUCT_NAME = "$(TARGET_NAME)";
				SWIFT_VERSION = 3.0;
				TEST_HOST = "$(BUILT_PRODUCTS_DIR)/SoilMoisture.app/SoilMoisture";
			};
			name = Debug;
		};
		F836C0DB1E7721E700647893 /* Release */ = {
			isa = XCBuildConfiguration;
			buildSettings = {
				ALWAYS_EMBED_SWIFT_STANDARD_LIBRARIES = YES;
				BUNDLE_LOADER = "$(TEST_HOST)";
				DEVELOPMENT_TEAM = S7EHLVWT8G;
				INFOPLIST_FILE = SoilMoistureTests/Info.plist;
				LD_RUNPATH_SEARCH_PATHS = "$(inherited) @executable_path/Frameworks @loader_path/Frameworks";
				PRODUCT_BUNDLE_IDENTIFIER = com.planletsystems.SoilMoistureTests;
				PRODUCT_NAME = "$(TARGET_NAME)";
				SWIFT_VERSION = 3.0;
				TEST_HOST = "$(BUILT_PRODUCTS_DIR)/SoilMoisture.app/SoilMoisture";
			};
			name = Release;
		};
		F836C0DD1E7721E700647893 /* Debug */ = {
			isa = XCBuildConfiguration;
			buildSettings = {
				ALWAYS_EMBED_SWIFT_STANDARD_LIBRARIES = YES;
				DEVELOPMENT_TEAM = S7EHLVWT8G;
				INFOPLIST_FILE = SoilMoistureUITests/Info.plist;
				LD_RUNPATH_SEARCH_PATHS = "$(inherited) @executable_path/Frameworks @loader_path/Frameworks";
				PRODUCT_BUNDLE_IDENTIFIER = com.planletsystems.SoilMoistureUITests;
				PRODUCT_NAME = "$(TARGET_NAME)";
				SWIFT_VERSION = 3.0;
				TEST_TARGET_NAME = SoilMoisture;
			};
			name = Debug;
		};
		F836C0DE1E7721E700647893 /* Release */ = {
			isa = XCBuildConfiguration;
			buildSettings = {
				ALWAYS_EMBED_SWIFT_STANDARD_LIBRARIES = YES;
				DEVELOPMENT_TEAM = S7EHLVWT8G;
				INFOPLIST_FILE = SoilMoistureUITests/Info.plist;
				LD_RUNPATH_SEARCH_PATHS = "$(inherited) @executable_path/Frameworks @loader_path/Frameworks";
				PRODUCT_BUNDLE_IDENTIFIER = com.planletsystems.SoilMoistureUITests;
				PRODUCT_NAME = "$(TARGET_NAME)";
				SWIFT_VERSION = 3.0;
				TEST_TARGET_NAME = SoilMoisture;
			};
			name = Release;
		};
/* End XCBuildConfiguration section */

/* Begin XCConfigurationList section */
		F836C0A71E7721E700647893 /* Build configuration list for PBXProject "SoilMoisture" */ = {
			isa = XCConfigurationList;
			buildConfigurations = (
				F836C0D41E7721E700647893 /* Debug */,
				F836C0D51E7721E700647893 /* Release */,
			);
			defaultConfigurationIsVisible = 0;
			defaultConfigurationName = Release;
		};
		F836C0D61E7721E700647893 /* Build configuration list for PBXNativeTarget "SoilMoisture" */ = {
			isa = XCConfigurationList;
			buildConfigurations = (
				F836C0D71E7721E700647893 /* Debug */,
				F836C0D81E7721E700647893 /* Release */,
			);
			defaultConfigurationIsVisible = 0;
			defaultConfigurationName = Release;
		};
		F836C0D91E7721E700647893 /* Build configuration list for PBXNativeTarget "SoilMoistureTests" */ = {
			isa = XCConfigurationList;
			buildConfigurations = (
				F836C0DA1E7721E700647893 /* Debug */,
				F836C0DB1E7721E700647893 /* Release */,
			);
			defaultConfigurationIsVisible = 0;
			defaultConfigurationName = Release;
		};
		F836C0DC1E7721E700647893 /* Build configuration list for PBXNativeTarget "SoilMoistureUITests" */ = {
			isa = XCConfigurationList;
			buildConfigurations = (
				F836C0DD1E7721E700647893 /* Debug */,
				F836C0DE1E7721E700647893 /* Release */,
			);
			defaultConfigurationIsVisible = 0;
			defaultConfigurationName = Release;
		};
/* End XCConfigurationList section */
	};
	rootObject = F836C0A41E7721E700647893 /* Project object */;
}
