// !$*UTF8*$!
{
	archiveVersion = 1;
	classes = {
	};
	objectVersion = 46;
	objects = {

/* Begin PBXBuildFile section */
		F836C0B01E7721E700647893 /* AppDelegate.swift in Sources */ = {isa = PBXBuildFile; fileRef = F836C0AF1E7721E700647893 /* AppDelegate.swift */; };
		F836C0B71E7721E700647893 /* Main.storyboard in Resources */ = {isa = PBXBuildFile; fileRef = F836C0B51E7721E700647893 /* Main.storyboard */; };
		F836C0B91E7721E700647893 /* Assets.xcassets in Resources */ = {isa = PBXBuildFile; fileRef = F836C0B81E7721E700647893 /* Assets.xcassets */; };
		F836C0BC1E7721E700647893 /* LaunchScreen.storyboard in Resources */ = {isa = PBXBuildFile; fileRef = F836C0BA1E7721E700647893 /* LaunchScreen.storyboard */; };
		F836C0C71E7721E700647893 /* SoilMoistureTests.swift in Sources */ = {isa = PBXBuildFile; fileRef = F836C0C61E7721E700647893 /* SoilMoistureTests.swift */; };
		F836C0D21E7721E700647893 /* SoilMoistureUITests.swift in Sources */ = {isa = PBXBuildFile; fileRef = F836C0D11E7721E700647893 /* SoilMoistureUITests.swift */; };
		F836C0E01E77232800647893 /* logo_nasa_trio_black@2x.png in Resources */ = {isa = PBXBuildFile; fileRef = F836C0DF1E77232800647893 /* logo_nasa_trio_black@2x.png */; };
		F83DD04A1E774A11003C03E7 /* TextInputTableViewCell.swift in Sources */ = {isa = PBXBuildFile; fileRef = F83DD0491E774A11003C03E7 /* TextInputTableViewCell.swift */; };
		F83DD04D1E7768A3003C03E7 /* SoilRecordTableViewCell.swift in Sources */ = {isa = PBXBuildFile; fileRef = F83DD04C1E7768A3003C03E7 /* SoilRecordTableViewCell.swift */; };
		F83DD04F1E776DCC003C03E7 /* AddSoilRecordViewController.swift in Sources */ = {isa = PBXBuildFile; fileRef = F83DD04E1E776DCC003C03E7 /* AddSoilRecordViewController.swift */; };
		F83DD0521E7776EF003C03E7 /* Add Column-50.png in Resources */ = {isa = PBXBuildFile; fileRef = F83DD0501E7776EF003C03E7 /* Add Column-50.png */; };
		F83DD0531E7776EF003C03E7 /* Add Property-50@2x.png in Resources */ = {isa = PBXBuildFile; fileRef = F83DD0511E7776EF003C03E7 /* Add Property-50@2x.png */; };
		F83DD0551E777888003C03E7 /* Bulleted List-50@2x.png in Resources */ = {isa = PBXBuildFile; fileRef = F83DD0541E777888003C03E7 /* Bulleted List-50@2x.png */; };
		F83DD0571E777F7C003C03E7 /* AddRecordTableViewCell.swift in Sources */ = {isa = PBXBuildFile; fileRef = F83DD0561E777F7C003C03E7 /* AddRecordTableViewCell.swift */; };
		F83DD0981E855FAB003C03E7 /* SoilRecords.sqlite3 in Resources */ = {isa = PBXBuildFile; fileRef = F83DD0971E855FAB003C03E7 /* SoilRecords.sqlite3 */; };
		F898EEBD1E8D7B9100A0E66E /* libsqlite3.tbd in Frameworks */ = {isa = PBXBuildFile; fileRef = F898EEBC1E8D7B9100A0E66E /* libsqlite3.tbd */; };
		F898EEBF1E8D7BE900A0E66E /* DBManager.swift in Sources */ = {isa = PBXBuildFile; fileRef = F898EEBE1E8D7BE900A0E66E /* DBManager.swift */; };
		F8FB4E921E77263D00F13DD7 /* DataLogViewController.swift in Sources */ = {isa = PBXBuildFile; fileRef = F8FB4E911E77263D00F13DD7 /* DataLogViewController.swift */; };
		F8FB4E941E77265300F13DD7 /* SettingsViewController.swift in Sources */ = {isa = PBXBuildFile; fileRef = F8FB4E931E77265300F13DD7 /* SettingsViewController.swift */; };
		F8FB4E961E77266100F13DD7 /* VisualizationViewController.swift in Sources */ = {isa = PBXBuildFile; fileRef = F8FB4E951E77266100F13DD7 /* VisualizationViewController.swift */; };
		F8FB4E981E7727AD00F13DD7 /* Checklist-50@2x.png in Resources */ = {isa = PBXBuildFile; fileRef = F8FB4E971E7727AD00F13DD7 /* Checklist-50@2x.png */; };
		F8FB4E9A1E77284700F13DD7 /* Line Chart-50@2x.png in Resources */ = {isa = PBXBuildFile; fileRef = F8FB4E991E77284700F13DD7 /* Line Chart-50@2x.png */; };
		F8FB4E9C1E77288C00F13DD7 /* Settings-50@2x.png in Resources */ = {isa = PBXBuildFile; fileRef = F8FB4E9B1E77288C00F13DD7 /* Settings-50@2x.png */; };
		F8FB4E9E1E772BEB00F13DD7 /* UserMetadata.swift in Sources */ = {isa = PBXBuildFile; fileRef = F8FB4E9D1E772BEB00F13DD7 /* UserMetadata.swift */; };
		F8FB4EA01E773A5900F13DD7 /* SoilDataRecord.swift in Sources */ = {isa = PBXBuildFile; fileRef = F8FB4E9F1E773A5900F13DD7 /* SoilDataRecord.swift */; };
		F8FB4EA21E773A6500F13DD7 /* DatabaseHandler.swift in Sources */ = {isa = PBXBuildFile; fileRef = F8FB4EA11E773A6500F13DD7 /* DatabaseHandler.swift */; };
		F8FB4EA41E773E5F00F13DD7 /* InitialMetadaViewController.swift in Sources */ = {isa = PBXBuildFile; fileRef = F8FB4EA31E773E5F00F13DD7 /* InitialMetadaViewController.swift */; };
/* End PBXBuildFile section */

/* Begin PBXContainerItemProxy section */
		F836C0C31E7721E700647893 /* PBXContainerItemProxy */ = {
			isa = PBXContainerItemProxy;
			containerPortal = F836C0A41E7721E700647893 /* Project object */;
			proxyType = 1;
			remoteGlobalIDString = F836C0AB1E7721E700647893;
			remoteInfo = SoilMoisture;
		};
		F836C0CE1E7721E700647893 /* PBXContainerItemProxy */ = {
			isa = PBXContainerItemProxy;
			containerPortal = F836C0A41E7721E700647893 /* Project object */;
			proxyType = 1;
			remoteGlobalIDString = F836C0AB1E7721E700647893;
			remoteInfo = SoilMoisture;
		};
/* End PBXContainerItemProxy section */

/* Begin PBXFileReference section */
		F836C0AC1E7721E700647893 /* SoilMoisture.app */ = {isa = PBXFileReference; explicitFileType = wrapper.application; includeInIndex = 0; path = SoilMoisture.app; sourceTree = BUILT_PRODUCTS_DIR; };
		F836C0AF1E7721E700647893 /* AppDelegate.swift */ = {isa = PBXFileReference; lastKnownFileType = sourcecode.swift; path = AppDelegate.swift; sourceTree = "<group>"; };
		F836C0B61E7721E700647893 /* Base */ = {isa = PBXFileReference; lastKnownFileType = file.storyboard; name = Base; path = Base.lproj/Main.storyboard; sourceTree = "<group>"; };
		F836C0B81E7721E700647893 /* Assets.xcassets */ = {isa = PBXFileReference; lastKnownFileType = folder.assetcatalog; path = Assets.xcassets; sourceTree = "<group>"; };
		F836C0BB1E7721E700647893 /* Base */ = {isa = PBXFileReference; lastKnownFileType = file.storyboard; name = Base; path = Base.lproj/LaunchScreen.storyboard; sourceTree = "<group>"; };
		F836C0BD1E7721E700647893 /* Info.plist */ = {isa = PBXFileReference; lastKnownFileType = text.plist.xml; path = Info.plist; sourceTree = "<group>"; };
		F836C0C21E7721E700647893 /* SoilMoistureTests.xctest */ = {isa = PBXFileReference; explicitFileType = wrapper.cfbundle; includeInIndex = 0; path = SoilMoistureTests.xctest; sourceTree = BUILT_PRODUCTS_DIR; };
		F836C0C61E7721E700647893 /* SoilMoistureTests.swift */ = {isa = PBXFileReference; lastKnownFileType = sourcecode.swift; path = SoilMoistureTests.swift; sourceTree = "<group>"; };
		F836C0C81E7721E700647893 /* Info.plist */ = {isa = PBXFileReference; lastKnownFileType = text.plist.xml; path = Info.plist; sourceTree = "<group>"; };
		F836C0CD1E7721E700647893 /* SoilMoistureUITests.xctest */ = {isa = PBXFileReference; explicitFileType = wrapper.cfbundle; includeInIndex = 0; path = SoilMoistureUITests.xctest; sourceTree = BUILT_PRODUCTS_DIR; };
		F836C0D11E7721E700647893 /* SoilMoistureUITests.swift */ = {isa = PBXFileReference; lastKnownFileType = sourcecode.swift; path = SoilMoistureUITests.swift; sourceTree = "<group>"; };
		F836C0D31E7721E700647893 /* Info.plist */ = {isa = PBXFileReference; lastKnownFileType = text.plist.xml; path = Info.plist; sourceTree = "<group>"; };
		F836C0DF1E77232800647893 /* logo_nasa_trio_black@2x.png */ = {isa = PBXFileReference; lastKnownFileType = image.png; path = "logo_nasa_trio_black@2x.png"; sourceTree = "<group>"; };
		F83DD0491E774A11003C03E7 /* TextInputTableViewCell.swift */ = {isa = PBXFileReference; fileEncoding = 4; lastKnownFileType = sourcecode.swift; path = TextInputTableViewCell.swift; sourceTree = "<group>"; };
		F83DD04C1E7768A3003C03E7 /* SoilRecordTableViewCell.swift */ = {isa = PBXFileReference; fileEncoding = 4; lastKnownFileType = sourcecode.swift; path = SoilRecordTableViewCell.swift; sourceTree = "<group>"; };
		F83DD04E1E776DCC003C03E7 /* AddSoilRecordViewController.swift */ = {isa = PBXFileReference; fileEncoding = 4; lastKnownFileType = sourcecode.swift; path = AddSoilRecordViewController.swift; sourceTree = "<group>"; };
		F83DD0501E7776EF003C03E7 /* Add Column-50.png */ = {isa = PBXFileReference; lastKnownFileType = image.png; path = "Add Column-50.png"; sourceTree = "<group>"; };
		F83DD0511E7776EF003C03E7 /* Add Property-50@2x.png */ = {isa = PBXFileReference; lastKnownFileType = image.png; path = "Add Property-50@2x.png"; sourceTree = "<group>"; };
		F83DD0541E777888003C03E7 /* Bulleted List-50@2x.png */ = {isa = PBXFileReference; lastKnownFileType = image.png; path = "Bulleted List-50@2x.png"; sourceTree = "<group>"; };
		F83DD0561E777F7C003C03E7 /* AddRecordTableViewCell.swift */ = {isa = PBXFileReference; fileEncoding = 4; lastKnownFileType = sourcecode.swift; path = AddRecordTableViewCell.swift; sourceTree = "<group>"; };
		F83DD0971E855FAB003C03E7 /* SoilRecords.sqlite3 */ = {isa = PBXFileReference; fileEncoding = 4; lastKnownFileType = text; name = SoilRecords.sqlite3; path = ../../../SoilRecords.sqlite3; sourceTree = "<group>"; };
		F898EEBC1E8D7B9100A0E66E /* libsqlite3.tbd */ = {isa = PBXFileReference; lastKnownFileType = "sourcecode.text-based-dylib-definition"; name = libsqlite3.tbd; path = usr/lib/libsqlite3.tbd; sourceTree = SDKROOT; };
		F898EEBE1E8D7BE900A0E66E /* DBManager.swift */ = {isa = PBXFileReference; fileEncoding = 4; lastKnownFileType = sourcecode.swift; path = DBManager.swift; sourceTree = "<group>"; };
		F898EEC01E8D9D5900A0E66E /* SoilMoisture-Bridging-Header.h */ = {isa = PBXFileReference; lastKnownFileType = sourcecode.c.h; path = "SoilMoisture-Bridging-Header.h"; sourceTree = SOURCE_ROOT; };
		F8FB4E911E77263D00F13DD7 /* DataLogViewController.swift */ = {isa = PBXFileReference; fileEncoding = 4; lastKnownFileType = sourcecode.swift; path = DataLogViewController.swift; sourceTree = "<group>"; };
		F8FB4E931E77265300F13DD7 /* SettingsViewController.swift */ = {isa = PBXFileReference; fileEncoding = 4; lastKnownFileType = sourcecode.swift; path = SettingsViewController.swift; sourceTree = "<group>"; };
		F8FB4E951E77266100F13DD7 /* VisualizationViewController.swift */ = {isa = PBXFileReference; fileEncoding = 4; lastKnownFileType = sourcecode.swift; path = VisualizationViewController.swift; sourceTree = "<group>"; };
		F8FB4E971E7727AD00F13DD7 /* Checklist-50@2x.png */ = {isa = PBXFileReference; lastKnownFileType = image.png; path = "Checklist-50@2x.png"; sourceTree = "<group>"; };
		F8FB4E991E77284700F13DD7 /* Line Chart-50@2x.png */ = {isa = PBXFileReference; lastKnownFileType = image.png; path = "Line Chart-50@2x.png"; sourceTree = "<group>"; };
		F8FB4E9B1E77288C00F13DD7 /* Settings-50@2x.png */ = {isa = PBXFileReference; lastKnownFileType = image.png; path = "Settings-50@2x.png"; sourceTree = "<group>"; };
		F8FB4E9D1E772BEB00F13DD7 /* UserMetadata.swift */ = {isa = PBXFileReference; fileEncoding = 4; lastKnownFileType = sourcecode.swift; path = UserMetadata.swift; sourceTree = "<group>"; };
		F8FB4E9F1E773A5900F13DD7 /* SoilDataRecord.swift */ = {isa = PBXFileReference; fileEncoding = 4; lastKnownFileType = sourcecode.swift; path = SoilDataRecord.swift; sourceTree = "<group>"; };
		F8FB4EA11E773A6500F13DD7 /* DatabaseHandler.swift */ = {isa = PBXFileReference; fileEncoding = 4; lastKnownFileType = sourcecode.swift; path = DatabaseHandler.swift; sourceTree = "<group>"; };
		F8FB4EA31E773E5F00F13DD7 /* InitialMetadaViewController.swift */ = {isa = PBXFileReference; fileEncoding = 4; lastKnownFileType = sourcecode.swift; path = InitialMetadaViewController.swift; sourceTree = "<group>"; };
/* End PBXFileReference section */

/* Begin PBXFrameworksBuildPhase section */
		F836C0A91E7721E700647893 /* Frameworks */ = {
			isa = PBXFrameworksBuildPhase;
			buildActionMask = 2147483647;
			files = (
				F898EEBD1E8D7B9100A0E66E /* libsqlite3.tbd in Frameworks */,
			);
			runOnlyForDeploymentPostprocessing = 0;
		};
		F836C0BF1E7721E700647893 /* Frameworks */ = {
			isa = PBXFrameworksBuildPhase;
			buildActionMask = 2147483647;
			files = (
			);
			runOnlyForDeploymentPostprocessing = 0;
		};
		F836C0CA1E7721E700647893 /* Frameworks */ = {
			isa = PBXFrameworksBuildPhase;
			buildActionMask = 2147483647;
			files = (
			);
			runOnlyForDeploymentPostprocessing = 0;
		};
/* End PBXFrameworksBuildPhase section */

/* Begin PBXGroup section */
		F836C0A31E7721E700647893 = {
			isa = PBXGroup;
			children = (
				F898EEBE1E8D7BE900A0E66E /* DBManager.swift */,
				F836C0AE1E7721E700647893 /* SoilMoisture */,
				F836C0C51E7721E700647893 /* SoilMoistureTests */,
				F836C0D01E7721E700647893 /* SoilMoistureUITests */,
				F836C0AD1E7721E700647893 /* Products */,
				F898EEBB1E8D7B9000A0E66E /* Frameworks */,
			);
			sourceTree = "<group>";
		};
		F836C0AD1E7721E700647893 /* Products */ = {
			isa = PBXGroup;
			children = (
				F836C0AC1E7721E700647893 /* SoilMoisture.app */,
				F836C0C21E7721E700647893 /* SoilMoistureTests.xctest */,
				F836C0CD1E7721E700647893 /* SoilMoistureUITests.xctest */,
			);
			name = Products;
			sourceTree = "<group>";
		};
		F836C0AE1E7721E700647893 /* SoilMoisture */ = {
			isa = PBXGroup;
			children = (
				F898EEC01E8D9D5900A0E66E /* SoilMoisture-Bridging-Header.h */,
				F836C0AF1E7721E700647893 /* AppDelegate.swift */,
				F83DD04E1E776DCC003C03E7 /* AddSoilRecordViewController.swift */,
				F8FB4E911E77263D00F13DD7 /* DataLogViewController.swift */,
				F8FB4E951E77266100F13DD7 /* VisualizationViewController.swift */,
				F8FB4E931E77265300F13DD7 /* SettingsViewController.swift */,
				F836C0B51E7721E700647893 /* Main.storyboard */,
				F8FB4E9D1E772BEB00F13DD7 /* UserMetadata.swift */,
				F8FB4E9F1E773A5900F13DD7 /* SoilDataRecord.swift */,
				F8FB4EA11E773A6500F13DD7 /* DatabaseHandler.swift */,
				F8FB4EA31E773E5F00F13DD7 /* InitialMetadaViewController.swift */,
				F83DD0971E855FAB003C03E7 /* SoilRecords.sqlite3 */,
				F83DD04B1E774A18003C03E7 /* TableViewCells */,
				F836C0B81E7721E700647893 /* Assets.xcassets */,
				F836C0BA1E7721E700647893 /* LaunchScreen.storyboard */,
				F836C0E11E77232C00647893 /* Image Assets */,
				F836C0BD1E7721E700647893 /* Info.plist */,
			);
			path = SoilMoisture;
			sourceTree = "<group>";
		};
		F836C0C51E7721E700647893 /* SoilMoistureTests */ = {
			isa = PBXGroup;
			children = (
				F836C0C61E7721E700647893 /* SoilMoistureTests.swift */,
				F836C0C81E7721E700647893 /* Info.plist */,
			);
			path = SoilMoistureTests;
			sourceTree = "<group>";
		};
		F836C0D01E7721E700647893 /* SoilMoistureUITests */ = {
			isa = PBXGroup;
			children = (
				F836C0D11E7721E700647893 /* SoilMoistureUITests.swift */,
				F836C0D31E7721E700647893 /* Info.plist */,
			);
			path = SoilMoistureUITests;
			sourceTree = "<group>";
		};
		F836C0E11E77232C00647893 /* Image Assets */ = {
			isa = PBXGroup;
			children = (
				F8FB4E971E7727AD00F13DD7 /* Checklist-50@2x.png */,
				F836C0DF1E77232800647893 /* logo_nasa_trio_black@2x.png */,
				F83DD0501E7776EF003C03E7 /* Add Column-50.png */,
				F83DD0541E777888003C03E7 /* Bulleted List-50@2x.png */,
				F83DD0511E7776EF003C03E7 /* Add Property-50@2x.png */,
				F8FB4E9B1E77288C00F13DD7 /* Settings-50@2x.png */,
				F8FB4E991E77284700F13DD7 /* Line Chart-50@2x.png */,
			);
			name = "Image Assets";
			sourceTree = "<group>";
		};
		F83DD04B1E774A18003C03E7 /* TableViewCells */ = {
			isa = PBXGroup;
			children = (
				F83DD0491E774A11003C03E7 /* TextInputTableViewCell.swift */,
				F83DD04C1E7768A3003C03E7 /* SoilRecordTableViewCell.swift */,
				F83DD0561E777F7C003C03E7 /* AddRecordTableViewCell.swift */,
			);
			name = TableViewCells;
			sourceTree = "<group>";
		};
		F898EEBB1E8D7B9000A0E66E /* Frameworks */ = {
			isa = PBXGroup;
			children = (
				F898EEBC1E8D7B9100A0E66E /* libsqlite3.tbd */,
			);
			name = Frameworks;
			sourceTree = "<group>";
		};
/* End PBXGroup section */

/* Begin PBXNativeTarget section */
		F836C0AB1E7721E700647893 /* SoilMoisture */ = {
			isa = PBXNativeTarget;
			buildConfigurationList = F836C0D61E7721E700647893 /* Build configuration list for PBXNativeTarget "SoilMoisture" */;
			buildPhases = (
				F836C0A81E7721E700647893 /* Sources */,
				F836C0A91E7721E700647893 /* Frameworks */,
				F836C0AA1E7721E700647893 /* Resources */,
			);
			buildRules = (
			);
			dependencies = (
			);
			name = SoilMoisture;
			productName = SoilMoisture;
			productReference = F836C0AC1E7721E700647893 /* SoilMoisture.app */;
			productType = "com.apple.product-type.application";
		};
		F836C0C11E7721E700647893 /* SoilMoistureTests */ = {
			isa = PBXNativeTarget;
			buildConfigurationList = F836C0D91E7721E700647893 /* Build configuration list for PBXNativeTarget "SoilMoistureTests" */;
			buildPhases = (
				F836C0BE1E7721E700647893 /* Sources */,
				F836C0BF1E7721E700647893 /* Frameworks */,
				F836C0C01E7721E700647893 /* Resources */,
			);
			buildRules = (
			);
			dependencies = (
				F836C0C41E7721E700647893 /* PBXTargetDependency */,
			);
			name = SoilMoistureTests;
			productName = SoilMoistureTests;
			productReference = F836C0C21E7721E700647893 /* SoilMoistureTests.xctest */;
			productType = "com.apple.product-type.bundle.unit-test";
		};
		F836C0CC1E7721E700647893 /* SoilMoistureUITests */ = {
			isa = PBXNativeTarget;
			buildConfigurationList = F836C0DC1E7721E700647893 /* Build configuration list for PBXNativeTarget "SoilMoistureUITests" */;
			buildPhases = (
				F836C0C91E7721E700647893 /* Sources */,
				F836C0CA1E7721E700647893 /* Frameworks */,
				F836C0CB1E7721E700647893 /* Resources */,
			);
			buildRules = (
			);
			dependencies = (
				F836C0CF1E7721E700647893 /* PBXTargetDependency */,
			);
			name = SoilMoistureUITests;
			productName = SoilMoistureUITests;
			productReference = F836C0CD1E7721E700647893 /* SoilMoistureUITests.xctest */;
			productType = "com.apple.product-type.bundle.ui-testing";
		};
/* End PBXNativeTarget section */

/* Begin PBXProject section */
		F836C0A41E7721E700647893 /* Project object */ = {
			isa = PBXProject;
			attributes = {
				LastSwiftUpdateCheck = 0820;
				LastUpgradeCheck = 0820;
				ORGANIZATIONNAME = "Planlet Systems";
				TargetAttributes = {
					F836C0AB1E7721E700647893 = {
						CreatedOnToolsVersion = 8.2.1;
						DevelopmentTeam = F6JQDMVBV6;
						ProvisioningStyle = Automatic;
					};
					F836C0C11E7721E700647893 = {
						CreatedOnToolsVersion = 8.2.1;
						DevelopmentTeam = F6JQDMVBV6;
						ProvisioningStyle = Automatic;
						TestTargetID = F836C0AB1E7721E700647893;
					};
					F836C0CC1E7721E700647893 = {
						CreatedOnToolsVersion = 8.2.1;
						DevelopmentTeam = F6JQDMVBV6;
						ProvisioningStyle = Automatic;
						TestTargetID = F836C0AB1E7721E700647893;
					};
				};
			};
			buildConfigurationList = F836C0A71E7721E700647893 /* Build configuration list for PBXProject "SoilMoisture" */;
			compatibilityVersion = "Xcode 3.2";
			developmentRegion = English;
			hasScannedForEncodings = 0;
			knownRegions = (
				en,
				Base,
			);
			mainGroup = F836C0A31E7721E700647893;
			productRefGroup = F836C0AD1E7721E700647893 /* Products */;
			projectDirPath = "";
			projectRoot = "";
			targets = (
				F836C0AB1E7721E700647893 /* SoilMoisture */,
				F836C0C11E7721E700647893 /* SoilMoistureTests */,
				F836C0CC1E7721E700647893 /* SoilMoistureUITests */,
			);
		};
/* End PBXProject section */

/* Begin PBXResourcesBuildPhase section */
		F836C0AA1E7721E700647893 /* Resources */ = {
			isa = PBXResourcesBuildPhase;
			buildActionMask = 2147483647;
			files = (
				F8FB4E9C1E77288C00F13DD7 /* Settings-50@2x.png in Resources */,
				F83DD0981E855FAB003C03E7 /* SoilRecords.sqlite3 in Resources */,
				F8FB4E9A1E77284700F13DD7 /* Line Chart-50@2x.png in Resources */,
				F8FB4E981E7727AD00F13DD7 /* Checklist-50@2x.png in Resources */,
				F836C0E01E77232800647893 /* logo_nasa_trio_black@2x.png in Resources */,
				F836C0BC1E7721E700647893 /* LaunchScreen.storyboard in Resources */,
				F83DD0521E7776EF003C03E7 /* Add Column-50.png in Resources */,
				F83DD0551E777888003C03E7 /* Bulleted List-50@2x.png in Resources */,
				F836C0B91E7721E700647893 /* Assets.xcassets in Resources */,
				F836C0B71E7721E700647893 /* Main.storyboard in Resources */,
				F83DD0531E7776EF003C03E7 /* Add Property-50@2x.png in Resources */,
			);
			runOnlyForDeploymentPostprocessing = 0;
		};
		F836C0C01E7721E700647893 /* Resources */ = {
			isa = PBXResourcesBuildPhase;
			buildActionMask = 2147483647;
			files = (
			);
			runOnlyForDeploymentPostprocessing = 0;
		};
		F836C0CB1E7721E700647893 /* Resources */ = {
			isa = PBXResourcesBuildPhase;
			buildActionMask = 2147483647;
			files = (
			);
			runOnlyForDeploymentPostprocessing = 0;
		};
/* End PBXResourcesBuildPhase section */

/* Begin PBXSourcesBuildPhase section */
		F836C0A81E7721E700647893 /* Sources */ = {
			isa = PBXSourcesBuildPhase;
			buildActionMask = 2147483647;
			files = (
				F8FB4E921E77263D00F13DD7 /* DataLogViewController.swift in Sources */,
				F8FB4EA21E773A6500F13DD7 /* DatabaseHandler.swift in Sources */,
				F83DD0571E777F7C003C03E7 /* AddRecordTableViewCell.swift in Sources */,
				F898EEBF1E8D7BE900A0E66E /* DBManager.swift in Sources */,
				F8FB4EA01E773A5900F13DD7 /* SoilDataRecord.swift in Sources */,
				F8FB4EA41E773E5F00F13DD7 /* InitialMetadaViewController.swift in Sources */,
				F8FB4E9E1E772BEB00F13DD7 /* UserMetadata.swift in Sources */,
				F836C0B01E7721E700647893 /* AppDelegate.swift in Sources */,
				F8FB4E961E77266100F13DD7 /* VisualizationViewController.swift in Sources */,
				F83DD04D1E7768A3003C03E7 /* SoilRecordTableViewCell.swift in Sources */,
				F83DD04A1E774A11003C03E7 /* TextInputTableViewCell.swift in Sources */,
				F83DD04F1E776DCC003C03E7 /* AddSoilRecordViewController.swift in Sources */,
				F8FB4E941E77265300F13DD7 /* SettingsViewController.swift in Sources */,
			);
			runOnlyForDeploymentPostprocessing = 0;
		};
		F836C0BE1E7721E700647893 /* Sources */ = {
			isa = PBXSourcesBuildPhase;
			buildActionMask = 2147483647;
			files = (
				F836C0C71E7721E700647893 /* SoilMoistureTests.swift in Sources */,
			);
			runOnlyForDeploymentPostprocessing = 0;
		};
		F836C0C91E7721E700647893 /* Sources */ = {
			isa = PBXSourcesBuildPhase;
			buildActionMask = 2147483647;
			files = (
				F836C0D21E7721E700647893 /* SoilMoistureUITests.swift in Sources */,
			);
			runOnlyForDeploymentPostprocessing = 0;
		};
/* End PBXSourcesBuildPhase section */

/* Begin PBXTargetDependency section */
		F836C0C41E7721E700647893 /* PBXTargetDependency */ = {
			isa = PBXTargetDependency;
			target = F836C0AB1E7721E700647893 /* SoilMoisture */;
			targetProxy = F836C0C31E7721E700647893 /* PBXContainerItemProxy */;
		};
		F836C0CF1E7721E700647893 /* PBXTargetDependency */ = {
			isa = PBXTargetDependency;
			target = F836C0AB1E7721E700647893 /* SoilMoisture */;
			targetProxy = F836C0CE1E7721E700647893 /* PBXContainerItemProxy */;
		};
/* End PBXTargetDependency section */

/* Begin PBXVariantGroup section */
		F836C0B51E7721E700647893 /* Main.storyboard */ = {
			isa = PBXVariantGroup;
			children = (
				F836C0B61E7721E700647893 /* Base */,
			);
			name = Main.storyboard;
			sourceTree = "<group>";
		};
		F836C0BA1E7721E700647893 /* LaunchScreen.storyboard */ = {
			isa = PBXVariantGroup;
			children = (
				F836C0BB1E7721E700647893 /* Base */,
			);
			name = LaunchScreen.storyboard;
			sourceTree = "<group>";
		};
/* End PBXVariantGroup section */

/* Begin XCBuildConfiguration section */
		F836C0D41E7721E700647893 /* Debug */ = {
			isa = XCBuildConfiguration;
			buildSettings = {
				ALWAYS_SEARCH_USER_PATHS = NO;
				CLANG_ANALYZER_NONNULL = YES;
				CLANG_CXX_LANGUAGE_STANDARD = "gnu++0x";
				CLANG_CXX_LIBRARY = "libc++";
				CLANG_ENABLE_MODULES = YES;
				CLANG_ENABLE_OBJC_ARC = YES;
				CLANG_WARN_BOOL_CONVERSION = YES;
				CLANG_WARN_CONSTANT_CONVERSION = YES;
				CLANG_WARN_DIRECT_OBJC_ISA_USAGE = YES_ERROR;
				CLANG_WARN_DOCUMENTATION_COMMENTS = YES;
				CLANG_WARN_EMPTY_BODY = YES;
				CLANG_WARN_ENUM_CONVERSION = YES;
				CLANG_WARN_INFINITE_RECURSION = YES;
				CLANG_WARN_INT_CONVERSION = YES;
				CLANG_WARN_OBJC_ROOT_CLASS = YES_ERROR;
				CLANG_WARN_SUSPICIOUS_MOVE = YES;
				CLANG_WARN_UNREACHABLE_CODE = YES;
				CLANG_WARN__DUPLICATE_METHOD_MATCH = YES;
				"CODE_SIGN_IDENTITY[sdk=iphoneos*]" = "iPhone Developer";
				COPY_PHASE_STRIP = NO;
				DEBUG_INFORMATION_FORMAT = dwarf;
				ENABLE_STRICT_OBJC_MSGSEND = YES;
				ENABLE_TESTABILITY = YES;
				GCC_C_LANGUAGE_STANDARD = gnu99;
				GCC_DYNAMIC_NO_PIC = NO;
				GCC_NO_COMMON_BLOCKS = YES;
				GCC_OPTIMIZATION_LEVEL = 0;
				GCC_PREPROCESSOR_DEFINITIONS = (
					"DEBUG=1",
					"$(inherited)",
				);
				GCC_WARN_64_TO_32_BIT_CONVERSION = YES;
				GCC_WARN_ABOUT_RETURN_TYPE = YES_ERROR;
				GCC_WARN_UNDECLARED_SELECTOR = YES;
				GCC_WARN_UNINITIALIZED_AUTOS = YES_AGGRESSIVE;
				GCC_WARN_UNUSED_FUNCTION = YES;
				GCC_WARN_UNUSED_VARIABLE = YES;
				IPHONEOS_DEPLOYMENT_TARGET = 10.2;
				MTL_ENABLE_DEBUG_INFO = YES;
				ONLY_ACTIVE_ARCH = YES;
				SDKROOT = iphoneos;
				SWIFT_ACTIVE_COMPILATION_CONDITIONS = DEBUG;
				SWIFT_OPTIMIZATION_LEVEL = "-Onone";
				TARGETED_DEVICE_FAMILY = "1,2";
			};
			name = Debug;
		};
		F836C0D51E7721E700647893 /* Release */ = {
			isa = XCBuildConfiguration;
			buildSettings = {
				ALWAYS_SEARCH_USER_PATHS = NO;
				CLANG_ANALYZER_NONNULL = YES;
				CLANG_CXX_LANGUAGE_STANDARD = "gnu++0x";
				CLANG_CXX_LIBRARY = "libc++";
				CLANG_ENABLE_MODULES = YES;
				CLANG_ENABLE_OBJC_ARC = YES;
				CLANG_WARN_BOOL_CONVERSION = YES;
				CLANG_WARN_CONSTANT_CONVERSION = YES;
				CLANG_WARN_DIRECT_OBJC_ISA_USAGE = YES_ERROR;
				CLANG_WARN_DOCUMENTATION_COMMENTS = YES;
				CLANG_WARN_EMPTY_BODY = YES;
				CLANG_WARN_ENUM_CONVERSION = YES;
				CLANG_WARN_INFINITE_RECURSION = YES;
				CLANG_WARN_INT_CONVERSION = YES;
				CLANG_WARN_OBJC_ROOT_CLASS = YES_ERROR;
				CLANG_WARN_SUSPICIOUS_MOVE = YES;
				CLANG_WARN_UNREACHABLE_CODE = YES;
				CLANG_WARN__DUPLICATE_METHOD_MATCH = YES;
				"CODE_SIGN_IDENTITY[sdk=iphoneos*]" = "iPhone Developer";
				COPY_PHASE_STRIP = NO;
				DEBUG_INFORMATION_FORMAT = "dwarf-with-dsym";
				ENABLE_NS_ASSERTIONS = NO;
				ENABLE_STRICT_OBJC_MSGSEND = YES;
				GCC_C_LANGUAGE_STANDARD = gnu99;
				GCC_NO_COMMON_BLOCKS = YES;
				GCC_WARN_64_TO_32_BIT_CONVERSION = YES;
				GCC_WARN_ABOUT_RETURN_TYPE = YES_ERROR;
				GCC_WARN_UNDECLARED_SELECTOR = YES;
				GCC_WARN_UNINITIALIZED_AUTOS = YES_AGGRESSIVE;
				GCC_WARN_UNUSED_FUNCTION = YES;
				GCC_WARN_UNUSED_VARIABLE = YES;
				IPHONEOS_DEPLOYMENT_TARGET = 10.2;
				MTL_ENABLE_DEBUG_INFO = NO;
				SDKROOT = iphoneos;
				SWIFT_OPTIMIZATION_LEVEL = "-Owholemodule";
				TARGETED_DEVICE_FAMILY = "1,2";
				VALIDATE_PRODUCT = YES;
			};
			name = Release;
		};
		F836C0D71E7721E700647893 /* Debug */ = {
			isa = XCBuildConfiguration;
			buildSettings = {
				ASSETCATALOG_COMPILER_APPICON_NAME = AppIcon;
				DEVELOPMENT_TEAM = F6JQDMVBV6;
				INFOPLIST_FILE = SoilMoisture/Info.plist;
				LD_RUNPATH_SEARCH_PATHS = "$(inherited) @executable_path/Frameworks";
				PRODUCT_BUNDLE_IDENTIFIER = com.planletsystems.SoilMoisture;
				PRODUCT_NAME = "$(TARGET_NAME)";
				"SWIFT_OBJC_BRIDGING_HEADER[arch=*]" = "SoilMoisture-Bridging-Header.h";
				SWIFT_VERSION = 3.0;
			};
			name = Debug;
		};
		F836C0D81E7721E700647893 /* Release */ = {
			isa = XCBuildConfiguration;
			buildSettings = {
				ASSETCATALOG_COMPILER_APPICON_NAME = AppIcon;
				DEVELOPMENT_TEAM = F6JQDMVBV6;
				INFOPLIST_FILE = SoilMoisture/Info.plist;
				LD_RUNPATH_SEARCH_PATHS = "$(inherited) @executable_path/Frameworks";
				PRODUCT_BUNDLE_IDENTIFIER = com.planletsystems.SoilMoisture;
				PRODUCT_NAME = "$(TARGET_NAME)";
				"SWIFT_OBJC_BRIDGING_HEADER[arch=*]" = "SoilMoisture-Bridging-Header.h";
				SWIFT_VERSION = 3.0;
			};
			name = Release;
		};
		F836C0DA1E7721E700647893 /* Debug */ = {
			isa = XCBuildConfiguration;
			buildSettings = {
				ALWAYS_EMBED_SWIFT_STANDARD_LIBRARIES = YES;
				BUNDLE_LOADER = "$(TEST_HOST)";
				DEVELOPMENT_TEAM = F6JQDMVBV6;
				INFOPLIST_FILE = SoilMoistureTests/Info.plist;
				LD_RUNPATH_SEARCH_PATHS = "$(inherited) @executable_path/Frameworks @loader_path/Frameworks";
				PRODUCT_BUNDLE_IDENTIFIER = com.planletsystems.SoilMoistureTests;
				PRODUCT_NAME = "$(TARGET_NAME)";
				SWIFT_VERSION = 3.0;
				TEST_HOST = "$(BUILT_PRODUCTS_DIR)/SoilMoisture.app/SoilMoisture";
			};
			name = Debug;
		};
		F836C0DB1E7721E700647893 /* Release */ = {
			isa = XCBuildConfiguration;
			buildSettings = {
				ALWAYS_EMBED_SWIFT_STANDARD_LIBRARIES = YES;
				BUNDLE_LOADER = "$(TEST_HOST)";
				DEVELOPMENT_TEAM = F6JQDMVBV6;
				INFOPLIST_FILE = SoilMoistureTests/Info.plist;
				LD_RUNPATH_SEARCH_PATHS = "$(inherited) @executable_path/Frameworks @loader_path/Frameworks";
				PRODUCT_BUNDLE_IDENTIFIER = com.planletsystems.SoilMoistureTests;
				PRODUCT_NAME = "$(TARGET_NAME)";
				SWIFT_VERSION = 3.0;
				TEST_HOST = "$(BUILT_PRODUCTS_DIR)/SoilMoisture.app/SoilMoisture";
			};
			name = Release;
		};
		F836C0DD1E7721E700647893 /* Debug */ = {
			isa = XCBuildConfiguration;
			buildSettings = {
				ALWAYS_EMBED_SWIFT_STANDARD_LIBRARIES = YES;
				DEVELOPMENT_TEAM = F6JQDMVBV6;
				INFOPLIST_FILE = SoilMoistureUITests/Info.plist;
				LD_RUNPATH_SEARCH_PATHS = "$(inherited) @executable_path/Frameworks @loader_path/Frameworks";
				PRODUCT_BUNDLE_IDENTIFIER = com.planletsystems.SoilMoistureUITests;
				PRODUCT_NAME = "$(TARGET_NAME)";
				SWIFT_VERSION = 3.0;
				TEST_TARGET_NAME = SoilMoisture;
			};
			name = Debug;
		};
		F836C0DE1E7721E700647893 /* Release */ = {
			isa = XCBuildConfiguration;
			buildSettings = {
				ALWAYS_EMBED_SWIFT_STANDARD_LIBRARIES = YES;
				DEVELOPMENT_TEAM = F6JQDMVBV6;
				INFOPLIST_FILE = SoilMoistureUITests/Info.plist;
				LD_RUNPATH_SEARCH_PATHS = "$(inherited) @executable_path/Frameworks @loader_path/Frameworks";
				PRODUCT_BUNDLE_IDENTIFIER = com.planletsystems.SoilMoistureUITests;
				PRODUCT_NAME = "$(TARGET_NAME)";
				SWIFT_VERSION = 3.0;
				TEST_TARGET_NAME = SoilMoisture;
			};
			name = Release;
		};
/* End XCBuildConfiguration section */

/* Begin XCConfigurationList section */
		F836C0A71E7721E700647893 /* Build configuration list for PBXProject "SoilMoisture" */ = {
			isa = XCConfigurationList;
			buildConfigurations = (
				F836C0D41E7721E700647893 /* Debug */,
				F836C0D51E7721E700647893 /* Release */,
			);
			defaultConfigurationIsVisible = 0;
			defaultConfigurationName = Release;
		};
		F836C0D61E7721E700647893 /* Build configuration list for PBXNativeTarget "SoilMoisture" */ = {
			isa = XCConfigurationList;
			buildConfigurations = (
				F836C0D71E7721E700647893 /* Debug */,
				F836C0D81E7721E700647893 /* Release */,
			);
			defaultConfigurationIsVisible = 0;
			defaultConfigurationName = Release;
		};
		F836C0D91E7721E700647893 /* Build configuration list for PBXNativeTarget "SoilMoistureTests" */ = {
			isa = XCConfigurationList;
			buildConfigurations = (
				F836C0DA1E7721E700647893 /* Debug */,
				F836C0DB1E7721E700647893 /* Release */,
			);
			defaultConfigurationIsVisible = 0;
			defaultConfigurationName = Release;
		};
		F836C0DC1E7721E700647893 /* Build configuration list for PBXNativeTarget "SoilMoistureUITests" */ = {
			isa = XCConfigurationList;
			buildConfigurations = (
				F836C0DD1E7721E700647893 /* Debug */,
				F836C0DE1E7721E700647893 /* Release */,
			);
			defaultConfigurationIsVisible = 0;
			defaultConfigurationName = Release;
		};
/* End XCConfigurationList section */
	};
	rootObject = F836C0A41E7721E700647893 /* Project object */;
}
